
Microsoft Visual Studio Solution File, Format Version 12.00
# Visual Studio Version 16
VisualStudioVersion = 16.0.31613.86
MinimumVisualStudioVersion = 10.0.40219.1
Project("{FAE04EC0-301F-11D3-BF4B-00C04F79EFBC}") = "LargestNo", "LargestNo\LargestNo.csproj", "{75416906-7CAE-44B0-A768-2C29D5C2BBF6}"
EndProject
Global
	GlobalSection(SolutionConfigurationPlatforms) = preSolution
		Debug|Any CPU = Debug|Any CPU
		Release|Any CPU = Release|Any CPU
	EndGlobalSection
	GlobalSection(ProjectConfigurationPlatforms) = postSolution
		{75416906-7CAE-44B0-A768-2C29D5C2BBF6}.Debug|Any CPU.ActiveCfg = Debug|Any CPU
		{75416906-7CAE-44B0-A768-2C29D5C2BBF6}.Debug|Any CPU.Build.0 = Debug|Any CPU
		{75416906-7CAE-44B0-A768-2C29D5C2BBF6}.Release|Any CPU.ActiveCfg = Release|Any CPU
		{75416906-7CAE-44B0-A768-2C29D5C2BBF6}.Release|Any CPU.Build.0 = Release|Any CPU
	EndGlobalSection
	GlobalSection(SolutionProperties) = preSolution
		HideSolutionNode = FALSE
	EndGlobalSection
	GlobalSection(ExtensibilityGlobals) = postSolution
		SolutionGuid = {6D079E73-021C-455A-A684-4E145478B3C9}
	EndGlobalSection
EndGlobal
